
Microsoft Visual Studio Solution File, Format Version 12.00
# Visual Studio 15
VisualStudioVersion = 15.0.27130.2024
MinimumVisualStudioVersion = 10.0.40219.1
Project("{FAE04EC0-301F-11D3-BF4B-00C04F79EFBC}") = "schemaProject", "schemaProject\schemaProject.csproj", "{1226B3BA-08E9-4729-9348-C7406FB7B75F}"
EndProject
Global
	GlobalSection(SolutionConfigurationPlatforms) = preSolution
		Debug|Any CPU = Debug|Any CPU
		Release|Any CPU = Release|Any CPU
	EndGlobalSection
	GlobalSection(ProjectConfigurationPlatforms) = postSolution
		{1226B3BA-08E9-4729-9348-C7406FB7B75F}.Debug|Any CPU.ActiveCfg = Debug|Any CPU
		{1226B3BA-08E9-4729-9348-C7406FB7B75F}.Debug|Any CPU.Build.0 = Debug|Any CPU
		{1226B3BA-08E9-4729-9348-C7406FB7B75F}.Release|Any CPU.ActiveCfg = Release|Any CPU
		{1226B3BA-08E9-4729-9348-C7406FB7B75F}.Release|Any CPU.Build.0 = Release|Any CPU
	EndGlobalSection
	GlobalSection(SolutionProperties) = preSolution
		HideSolutionNode = FALSE
	EndGlobalSection
	GlobalSection(ExtensibilityGlobals) = postSolution
		SolutionGuid = {104154FC-C724-4C1A-93B4-9414B473F7A4}
	EndGlobalSection
EndGlobal
